
Microsoft Visual Studio Solution File, Format Version 12.00
# Visual Studio Version 16
VisualStudioVersion = 16.0.32901.82
MinimumVisualStudioVersion = 10.0.40219.1
Project("{8BC9CEB8-8B4A-11D0-8D11-00A0C91BC942}") = "kurs_loais", "kurs_loais\kurs_loais.vcxproj", "{FD5353BB-EEF3-4991-8333-38B113E2B2BA}"
EndProject
Global
	GlobalSection(SolutionConfigurationPlatforms) = preSolution
		Debug|x64 = Debug|x64
		Debug|x86 = Debug|x86
		Release|x64 = Release|x64
		Release|x86 = Release|x86
	EndGlobalSection
	GlobalSection(ProjectConfigurationPlatforms) = postSolution
		{FD5353BB-EEF3-4991-8333-38B113E2B2BA}.Debug|x64.ActiveCfg = Debug|x64
		{FD5353BB-EEF3-4991-8333-38B113E2B2BA}.Debug|x64.Build.0 = Debug|x64
		{FD5353BB-EEF3-4991-8333-38B113E2B2BA}.Debug|x86.ActiveCfg = Debug|Win32
		{FD5353BB-EEF3-4991-8333-38B113E2B2BA}.Debug|x86.Build.0 = Debug|Win32
		{FD5353BB-EEF3-4991-8333-38B113E2B2BA}.Release|x64.ActiveCfg = Release|x64
		{FD5353BB-EEF3-4991-8333-38B113E2B2BA}.Release|x64.Build.0 = Release|x64
		{FD5353BB-EEF3-4991-8333-38B113E2B2BA}.Release|x86.ActiveCfg = Release|Win32
		{FD5353BB-EEF3-4991-8333-38B113E2B2BA}.Release|x86.Build.0 = Release|Win32
	EndGlobalSection
	GlobalSection(SolutionProperties) = preSolution
		HideSolutionNode = FALSE
	EndGlobalSection
	GlobalSection(ExtensibilityGlobals) = postSolution
		SolutionGuid = {09D21823-DC49-498E-B036-A304B61697AB}
	EndGlobalSection
EndGlobal
